
Microsoft Visual Studio Solution File, Format Version 12.00
# Visual Studio 2012
Project("{F2A71F9B-5D33-465A-A702-920D77279786}") = "Pregunta6", "Pregunta6\Pregunta6.fsproj", "{CA9B62F4-F484-4D49-9AED-F1318D6FC82A}"
EndProject
Global
	GlobalSection(SolutionConfigurationPlatforms) = preSolution
		Debug|Any CPU = Debug|Any CPU
		Release|Any CPU = Release|Any CPU
	EndGlobalSection
	GlobalSection(ProjectConfigurationPlatforms) = postSolution
		{CA9B62F4-F484-4D49-9AED-F1318D6FC82A}.Debug|Any CPU.ActiveCfg = Debug|Any CPU
		{CA9B62F4-F484-4D49-9AED-F1318D6FC82A}.Debug|Any CPU.Build.0 = Debug|Any CPU
		{CA9B62F4-F484-4D49-9AED-F1318D6FC82A}.Release|Any CPU.ActiveCfg = Release|Any CPU
		{CA9B62F4-F484-4D49-9AED-F1318D6FC82A}.Release|Any CPU.Build.0 = Release|Any CPU
	EndGlobalSection
	GlobalSection(SolutionProperties) = preSolution
		HideSolutionNode = FALSE
	EndGlobalSection
EndGlobal
